
Microsoft Visual Studio Solution File, Format Version 12.00
# Visual Studio 15
Project("{FAE04EC0-301F-11D3-BF4B-00C04F79EFBC}") = "AstarPathfindingProject", "AstarPathfindingProject.csproj", "{C095E4FA-4738-9D0C-E351-C855A72AC45A}"
EndProject
Project("{FAE04EC0-301F-11D3-BF4B-00C04F79EFBC}") = "Assembly-CSharp", "Assembly-CSharp.csproj", "{AA8733CE-DEE1-F5B5-1D36-A7E291AB22DD}"
EndProject
Project("{FAE04EC0-301F-11D3-BF4B-00C04F79EFBC}") = "PackageToolsEditor", "PackageToolsEditor.csproj", "{C6D107D6-1746-EA87-EE7B-DD42F622F7B8}"
EndProject
Project("{FAE04EC0-301F-11D3-BF4B-00C04F79EFBC}") = "AstarPathfindingProjectEditor", "AstarPathfindingProjectEditor.csproj", "{072848F3-C389-8638-4840-01FBD10A5625}"
EndProject
Project("{FAE04EC0-301F-11D3-BF4B-00C04F79EFBC}") = "Assembly-CSharp-Editor", "Assembly-CSharp-Editor.csproj", "{FCE708F9-F632-4BE0-5427-9C4C3656B624}"
EndProject
Global
	GlobalSection(SolutionConfigurationPlatforms) = preSolution
		Debug|Any CPU = Debug|Any CPU
		Release|Any CPU = Release|Any CPU
	EndGlobalSection
	GlobalSection(ProjectConfigurationPlatforms) = postSolution
		{C095E4FA-4738-9D0C-E351-C855A72AC45A}.Debug|Any CPU.ActiveCfg = Debug|Any CPU
		{C095E4FA-4738-9D0C-E351-C855A72AC45A}.Debug|Any CPU.Build.0 = Debug|Any CPU
		{C095E4FA-4738-9D0C-E351-C855A72AC45A}.Release|Any CPU.ActiveCfg = Release|Any CPU
		{C095E4FA-4738-9D0C-E351-C855A72AC45A}.Release|Any CPU.Build.0 = Release|Any CPU
		{AA8733CE-DEE1-F5B5-1D36-A7E291AB22DD}.Debug|Any CPU.ActiveCfg = Debug|Any CPU
		{AA8733CE-DEE1-F5B5-1D36-A7E291AB22DD}.Debug|Any CPU.Build.0 = Debug|Any CPU
		{AA8733CE-DEE1-F5B5-1D36-A7E291AB22DD}.Release|Any CPU.ActiveCfg = Release|Any CPU
		{AA8733CE-DEE1-F5B5-1D36-A7E291AB22DD}.Release|Any CPU.Build.0 = Release|Any CPU
		{C6D107D6-1746-EA87-EE7B-DD42F622F7B8}.Debug|Any CPU.ActiveCfg = Debug|Any CPU
		{C6D107D6-1746-EA87-EE7B-DD42F622F7B8}.Debug|Any CPU.Build.0 = Debug|Any CPU
		{C6D107D6-1746-EA87-EE7B-DD42F622F7B8}.Release|Any CPU.ActiveCfg = Release|Any CPU
		{C6D107D6-1746-EA87-EE7B-DD42F622F7B8}.Release|Any CPU.Build.0 = Release|Any CPU
		{072848F3-C389-8638-4840-01FBD10A5625}.Debug|Any CPU.ActiveCfg = Debug|Any CPU
		{072848F3-C389-8638-4840-01FBD10A5625}.Debug|Any CPU.Build.0 = Debug|Any CPU
		{072848F3-C389-8638-4840-01FBD10A5625}.Release|Any CPU.ActiveCfg = Release|Any CPU
		{072848F3-C389-8638-4840-01FBD10A5625}.Release|Any CPU.Build.0 = Release|Any CPU
		{FCE708F9-F632-4BE0-5427-9C4C3656B624}.Debug|Any CPU.ActiveCfg = Debug|Any CPU
		{FCE708F9-F632-4BE0-5427-9C4C3656B624}.Debug|Any CPU.Build.0 = Debug|Any CPU
		{FCE708F9-F632-4BE0-5427-9C4C3656B624}.Release|Any CPU.ActiveCfg = Release|Any CPU
		{FCE708F9-F632-4BE0-5427-9C4C3656B624}.Release|Any CPU.Build.0 = Release|Any CPU
	EndGlobalSection
	GlobalSection(SolutionProperties) = preSolution
		HideSolutionNode = FALSE
	EndGlobalSection
EndGlobal
